
Microsoft Visual Studio Solution File, Format Version 12.00
# Visual Studio Version 16
VisualStudioVersion = 16.0.30517.126
MinimumVisualStudioVersion = 10.0.40219.1
Project("{9A19103F-16F7-4668-BE54-9A1E7A4F7556}") = "CatalogApi", "CatelogService\CatalogApi.csproj", "{20053A38-022E-466D-B2C6-23D0A17AE273}"
EndProject
Project("{9A19103F-16F7-4668-BE54-9A1E7A4F7556}") = "OcelotApiGateway", "OcelotApiGateway\OcelotApiGateway.csproj", "{04BB2CD0-D9D0-40AA-877E-FA62B0764946}"
EndProject
Project("{9A19103F-16F7-4668-BE54-9A1E7A4F7556}") = "BooksApi", "BookService\BooksApi.csproj", "{C4B4BFDC-2440-4CB8-B8F9-D96C451FCCC7}"
EndProject
Project("{9A19103F-16F7-4668-BE54-9A1E7A4F7556}") = "ProductService", "ProductService\ProductService.csproj", "{60BCFB7B-58E8-4D60-A138-2C632B911BAF}"
EndProject
Global
	GlobalSection(SolutionConfigurationPlatforms) = preSolution
		Debug|Any CPU = Debug|Any CPU
		Release|Any CPU = Release|Any CPU
	EndGlobalSection
	GlobalSection(ProjectConfigurationPlatforms) = postSolution
		{20053A38-022E-466D-B2C6-23D0A17AE273}.Debug|Any CPU.ActiveCfg = Debug|Any CPU
		{20053A38-022E-466D-B2C6-23D0A17AE273}.Debug|Any CPU.Build.0 = Debug|Any CPU
		{20053A38-022E-466D-B2C6-23D0A17AE273}.Release|Any CPU.ActiveCfg = Release|Any CPU
		{20053A38-022E-466D-B2C6-23D0A17AE273}.Release|Any CPU.Build.0 = Release|Any CPU
		{04BB2CD0-D9D0-40AA-877E-FA62B0764946}.Debug|Any CPU.ActiveCfg = Debug|Any CPU
		{04BB2CD0-D9D0-40AA-877E-FA62B0764946}.Debug|Any CPU.Build.0 = Debug|Any CPU
		{04BB2CD0-D9D0-40AA-877E-FA62B0764946}.Release|Any CPU.ActiveCfg = Release|Any CPU
		{04BB2CD0-D9D0-40AA-877E-FA62B0764946}.Release|Any CPU.Build.0 = Release|Any CPU
		{C4B4BFDC-2440-4CB8-B8F9-D96C451FCCC7}.Debug|Any CPU.ActiveCfg = Debug|Any CPU
		{C4B4BFDC-2440-4CB8-B8F9-D96C451FCCC7}.Debug|Any CPU.Build.0 = Debug|Any CPU
		{C4B4BFDC-2440-4CB8-B8F9-D96C451FCCC7}.Release|Any CPU.ActiveCfg = Release|Any CPU
		{C4B4BFDC-2440-4CB8-B8F9-D96C451FCCC7}.Release|Any CPU.Build.0 = Release|Any CPU
		{60BCFB7B-58E8-4D60-A138-2C632B911BAF}.Debug|Any CPU.ActiveCfg = Debug|Any CPU
		{60BCFB7B-58E8-4D60-A138-2C632B911BAF}.Debug|Any CPU.Build.0 = Debug|Any CPU
		{60BCFB7B-58E8-4D60-A138-2C632B911BAF}.Release|Any CPU.ActiveCfg = Release|Any CPU
		{60BCFB7B-58E8-4D60-A138-2C632B911BAF}.Release|Any CPU.Build.0 = Release|Any CPU
	EndGlobalSection
	GlobalSection(SolutionProperties) = preSolution
		HideSolutionNode = FALSE
	EndGlobalSection
	GlobalSection(ExtensibilityGlobals) = postSolution
		SolutionGuid = {C50E2E31-FB50-4F9F-8AC9-EB8C7A24A5EE}
	EndGlobalSection
EndGlobal
